// !$*UTF8*$!
{
	archiveVersion = 1;
	classes = {
	};
	objectVersion = 46;
	objects = {

/* Begin PBXBuildFile section */
		A64C54CF1BEF6F7D00F3FE3E /* TableViewController.swift in Sources */ = {isa = PBXBuildFile; fileRef = A64C54CD1BEF6F7D00F3FE3E /* TableViewController.swift */; };
		A64C54D01BEF6F7D00F3FE3E /* TableViewController.xib in Resources */ = {isa = PBXBuildFile; fileRef = A64C54CE1BEF6F7D00F3FE3E /* TableViewController.xib */; };
		A68C5FF11BEF62EA0007EEF7 /* AppDelegate.swift in Sources */ = {isa = PBXBuildFile; fileRef = A68C5FF01BEF62EA0007EEF7 /* AppDelegate.swift */; };
		A68C5FF31BEF62EA0007EEF7 /* ViewController.swift in Sources */ = {isa = PBXBuildFile; fileRef = A68C5FF21BEF62EA0007EEF7 /* ViewController.swift */; };
		A68C5FF61BEF62EA0007EEF7 /* Main.storyboard in Resources */ = {isa = PBXBuildFile; fileRef = A68C5FF41BEF62EA0007EEF7 /* Main.storyboard */; };
		A68C5FF81BEF62EA0007EEF7 /* Assets.xcassets in Resources */ = {isa = PBXBuildFile; fileRef = A68C5FF71BEF62EA0007EEF7 /* Assets.xcassets */; };
		A68C5FFB1BEF62EA0007EEF7 /* LaunchScreen.storyboard in Resources */ = {isa = PBXBuildFile; fileRef = A68C5FF91BEF62EA0007EEF7 /* LaunchScreen.storyboard */; };
		A68C60031BEF639D0007EEF7 /* CAPSPageMenu.swift in Sources */ = {isa = PBXBuildFile; fileRef = A68C60021BEF639D0007EEF7 /* CAPSPageMenu.swift */; };
/* End PBXBuildFile section */

/* Begin PBXFileReference section */
		A64C54CD1BEF6F7D00F3FE3E /* TableViewController.swift */ = {isa = PBXFileReference; fileEncoding = 4; lastKnownFileType = sourcecode.swift; path = TableViewController.swift; sourceTree = "<group>"; };
		A64C54CE1BEF6F7D00F3FE3E /* TableViewController.xib */ = {isa = PBXFileReference; fileEncoding = 4; lastKnownFileType = file.xib; path = TableViewController.xib; sourceTree = "<group>"; };
		A68C5FED1BEF62EA0007EEF7 /* RoyalMilkTea.app */ = {isa = PBXFileReference; explicitFileType = wrapper.application; includeInIndex = 0; path = RoyalMilkTea.app; sourceTree = BUILT_PRODUCTS_DIR; };
		A68C5FF01BEF62EA0007EEF7 /* AppDelegate.swift */ = {isa = PBXFileReference; lastKnownFileType = sourcecode.swift; path = AppDelegate.swift; sourceTree = "<group>"; };
		A68C5FF21BEF62EA0007EEF7 /* ViewController.swift */ = {isa = PBXFileReference; lastKnownFileType = sourcecode.swift; path = ViewController.swift; sourceTree = "<group>"; };
		A68C5FF51BEF62EA0007EEF7 /* Base */ = {isa = PBXFileReference; lastKnownFileType = file.storyboard; name = Base; path = Base.lproj/Main.storyboard; sourceTree = "<group>"; };
		A68C5FF71BEF62EA0007EEF7 /* Assets.xcassets */ = {isa = PBXFileReference; lastKnownFileType = folder.assetcatalog; path = Assets.xcassets; sourceTree = "<group>"; };
		A68C5FFA1BEF62EA0007EEF7 /* Base */ = {isa = PBXFileReference; lastKnownFileType = file.storyboard; name = Base; path = Base.lproj/LaunchScreen.storyboard; sourceTree = "<group>"; };
		A68C5FFC1BEF62EA0007EEF7 /* Info.plist */ = {isa = PBXFileReference; lastKnownFileType = text.plist.xml; path = Info.plist; sourceTree = "<group>"; };
		A68C60021BEF639D0007EEF7 /* CAPSPageMenu.swift */ = {isa = PBXFileReference; fileEncoding = 4; lastKnownFileType = sourcecode.swift; name = CAPSPageMenu.swift; path = "../../PageMenu-master/Classes/CAPSPageMenu.swift"; sourceTree = "<group>"; };
/* End PBXFileReference section */

/* Begin PBXFrameworksBuildPhase section */
		A68C5FEA1BEF62EA0007EEF7 /* Frameworks */ = {
			isa = PBXFrameworksBuildPhase;
			buildActionMask = 2147483647;
			files = (
			);
			runOnlyForDeploymentPostprocessing = 0;
		};
/* End PBXFrameworksBuildPhase section */

/* Begin PBXGroup section */
		A68C5FE41BEF62EA0007EEF7 = {
			isa = PBXGroup;
			children = (
				A68C5FEF1BEF62EA0007EEF7 /* RoyalMilkTea */,
				A68C5FEE1BEF62EA0007EEF7 /* Products */,
			);
			sourceTree = "<group>";
		};
		A68C5FEE1BEF62EA0007EEF7 /* Products */ = {
			isa = PBXGroup;
			children = (
				A68C5FED1BEF62EA0007EEF7 /* RoyalMilkTea.app */,
			);
			name = Products;
			sourceTree = "<group>";
		};
		A68C5FEF1BEF62EA0007EEF7 /* RoyalMilkTea */ = {
			isa = PBXGroup;
			children = (
				A68C60021BEF639D0007EEF7 /* CAPSPageMenu.swift */,
				A68C5FF01BEF62EA0007EEF7 /* AppDelegate.swift */,
				A68C5FF21BEF62EA0007EEF7 /* ViewController.swift */,
				A64C54CD1BEF6F7D00F3FE3E /* TableViewController.swift */,
				A64C54CE1BEF6F7D00F3FE3E /* TableViewController.xib */,
				A68C5FF41BEF62EA0007EEF7 /* Main.storyboard */,
				A68C5FF71BEF62EA0007EEF7 /* Assets.xcassets */,
				A68C5FF91BEF62EA0007EEF7 /* LaunchScreen.storyboard */,
				A68C5FFC1BEF62EA0007EEF7 /* Info.plist */,
			);
			path = RoyalMilkTea;
			sourceTree = "<group>";
		};
/* End PBXGroup section */

/* Begin PBXNativeTarget section */
		A68C5FEC1BEF62EA0007EEF7 /* RoyalMilkTea */ = {
			isa = PBXNativeTarget;
			buildConfigurationList = A68C5FFF1BEF62EA0007EEF7 /* Build configuration list for PBXNativeTarget "RoyalMilkTea" */;
			buildPhases = (
				A68C5FE91BEF62EA0007EEF7 /* Sources */,
				A68C5FEA1BEF62EA0007EEF7 /* Frameworks */,
				A68C5FEB1BEF62EA0007EEF7 /* Resources */,
			);
			buildRules = (
			);
			dependencies = (
			);
			name = RoyalMilkTea;
			productName = RoyalMilkTea;
			productReference = A68C5FED1BEF62EA0007EEF7 /* RoyalMilkTea.app */;
			productType = "com.apple.product-type.application";
		};
/* End PBXNativeTarget section */

/* Begin PBXProject section */
		A68C5FE51BEF62EA0007EEF7 /* Project object */ = {
			isa = PBXProject;
			attributes = {
				LastSwiftUpdateCheck = 0720;
				LastUpgradeCheck = 0720;
				ORGANIZATIONNAME = TANAKASHUJI;
				TargetAttributes = {
					A68C5FEC1BEF62EA0007EEF7 = {
						CreatedOnToolsVersion = 7.2;
					};
				};
			};
			buildConfigurationList = A68C5FE81BEF62EA0007EEF7 /* Build configuration list for PBXProject "RoyalMilkTea" */;
			compatibilityVersion = "Xcode 3.2";
			developmentRegion = English;
			hasScannedForEncodings = 0;
			knownRegions = (
				en,
				Base,
			);
			mainGroup = A68C5FE41BEF62EA0007EEF7;
			productRefGroup = A68C5FEE1BEF62EA0007EEF7 /* Products */;
			projectDirPath = "";
			projectRoot = "";
			targets = (
				A68C5FEC1BEF62EA0007EEF7 /* RoyalMilkTea */,
			);
		};
/* End PBXProject section */

/* Begin PBXResourcesBuildPhase section */
		A68C5FEB1BEF62EA0007EEF7 /* Resources */ = {
			isa = PBXResourcesBuildPhase;
			buildActionMask = 2147483647;
			files = (
				A68C5FFB1BEF62EA0007EEF7 /* LaunchScreen.storyboard in Resources */,
				A68C5FF81BEF62EA0007EEF7 /* Assets.xcassets in Resources */,
				A68C5FF61BEF62EA0007EEF7 /* Main.storyboard in Resources */,
				A64C54D01BEF6F7D00F3FE3E /* TableViewController.xib in Resources */,
			);
			runOnlyForDeploymentPostprocessing = 0;
		};
/* End PBXResourcesBuildPhase section */

/* Begin PBXSourcesBuildPhase section */
		A68C5FE91BEF62EA0007EEF7 /* Sources */ = {
			isa = PBXSourcesBuildPhase;
			buildActionMask = 2147483647;
			files = (
				A68C5FF31BEF62EA0007EEF7 /* ViewController.swift in Sources */,
				A68C5FF11BEF62EA0007EEF7 /* AppDelegate.swift in Sources */,
				A68C60031BEF639D0007EEF7 /* CAPSPageMenu.swift in Sources */,
				A64C54CF1BEF6F7D00F3FE3E /* TableViewController.swift in Sources */,
			);
			runOnlyForDeploymentPostprocessing = 0;
		};
/* End PBXSourcesBuildPhase section */

/* Begin PBXVariantGroup section */
		A68C5FF41BEF62EA0007EEF7 /* Main.storyboard */ = {
			isa = PBXVariantGroup;
			children = (
				A68C5FF51BEF62EA0007EEF7 /* Base */,
			);
			name = Main.storyboard;
			sourceTree = "<group>";
		};
		A68C5FF91BEF62EA0007EEF7 /* LaunchScreen.storyboard */ = {
			isa = PBXVariantGroup;
			children = (
				A68C5FFA1BEF62EA0007EEF7 /* Base */,
			);
			name = LaunchScreen.storyboard;
			sourceTree = "<group>";
		};
/* End PBXVariantGroup section */

/* Begin XCBuildConfiguration section */
		A68C5FFD1BEF62EA0007EEF7 /* Debug */ = {
			isa = XCBuildConfiguration;
			buildSettings = {
				ALWAYS_SEARCH_USER_PATHS = NO;
				CLANG_CXX_LANGUAGE_STANDARD = "gnu++0x";
				CLANG_CXX_LIBRARY = "libc++";
				CLANG_ENABLE_MODULES = YES;
				CLANG_ENABLE_OBJC_ARC = YES;
				CLANG_WARN_BOOL_CONVERSION = YES;
				CLANG_WARN_CONSTANT_CONVERSION = YES;
				CLANG_WARN_DIRECT_OBJC_ISA_USAGE = YES_ERROR;
				CLANG_WARN_EMPTY_BODY = YES;
				CLANG_WARN_ENUM_CONVERSION = YES;
				CLANG_WARN_INT_CONVERSION = YES;
				CLANG_WARN_OBJC_ROOT_CLASS = YES_ERROR;
				CLANG_WARN_UNREACHABLE_CODE = YES;
				CLANG_WARN__DUPLICATE_METHOD_MATCH = YES;
				"CODE_SIGN_IDENTITY[sdk=iphoneos*]" = "iPhone Developer";
				COPY_PHASE_STRIP = NO;
				DEBUG_INFORMATION_FORMAT = dwarf;
				ENABLE_STRICT_OBJC_MSGSEND = YES;
				ENABLE_TESTABILITY = YES;
				GCC_C_LANGUAGE_STANDARD = gnu99;
				GCC_DYNAMIC_NO_PIC = NO;
				GCC_NO_COMMON_BLOCKS = YES;
				GCC_OPTIMIZATION_LEVEL = 0;
				GCC_PREPROCESSOR_DEFINITIONS = (
					"DEBUG=1",
					"$(inherited)",
				);
				GCC_WARN_64_TO_32_BIT_CONVERSION = YES;
				GCC_WARN_ABOUT_RETURN_TYPE = YES_ERROR;
				GCC_WARN_UNDECLARED_SELECTOR = YES;
				GCC_WARN_UNINITIALIZED_AUTOS = YES_AGGRESSIVE;
				GCC_WARN_UNUSED_FUNCTION = YES;
				GCC_WARN_UNUSED_VARIABLE = YES;
				IPHONEOS_DEPLOYMENT_TARGET = 9.2;
				MTL_ENABLE_DEBUG_INFO = YES;
				ONLY_ACTIVE_ARCH = YES;
				SDKROOT = iphoneos;
				SWIFT_OPTIMIZATION_LEVEL = "-Onone";
			};
			name = Debug;
		};
		A68C5FFE1BEF62EA0007EEF7 /* Release */ = {
			isa = XCBuildConfiguration;
			buildSettings = {
				ALWAYS_SEARCH_USER_PATHS = NO;
				CLANG_CXX_LANGUAGE_STANDARD = "gnu++0x";
				CLANG_CXX_LIBRARY = "libc++";
				CLANG_ENABLE_MODULES = YES;
				CLANG_ENABLE_OBJC_ARC = YES;
				CLANG_WARN_BOOL_CONVERSION = YES;
				CLANG_WARN_CONSTANT_CONVERSION = YES;
				CLANG_WARN_DIRECT_OBJC_ISA_USAGE = YES_ERROR;
				CLANG_WARN_EMPTY_BODY = YES;
				CLANG_WARN_ENUM_CONVERSION = YES;
				CLANG_WARN_INT_CONVERSION = YES;
				CLANG_WARN_OBJC_ROOT_CLASS = YES_ERROR;
				CLANG_WARN_UNREACHABLE_CODE = YES;
				CLANG_WARN__DUPLICATE_METHOD_MATCH = YES;
				"CODE_SIGN_IDENTITY[sdk=iphoneos*]" = "iPhone Developer";
				COPY_PHASE_STRIP = NO;
				DEBUG_INFORMATION_FORMAT = "dwarf-with-dsym";
				ENABLE_NS_ASSERTIONS = NO;
				ENABLE_STRICT_OBJC_MSGSEND = YES;
				GCC_C_LANGUAGE_STANDARD = gnu99;
				GCC_NO_COMMON_BLOCKS = YES;
				GCC_WARN_64_TO_32_BIT_CONVERSION = YES;
				GCC_WARN_ABOUT_RETURN_TYPE = YES_ERROR;
				GCC_WARN_UNDECLARED_SELECTOR = YES;
				GCC_WARN_UNINITIALIZED_AUTOS = YES_AGGRESSIVE;
				GCC_WARN_UNUSED_FUNCTION = YES;
				GCC_WARN_UNUSED_VARIABLE = YES;
				IPHONEOS_DEPLOYMENT_TARGET = 9.2;
				MTL_ENABLE_DEBUG_INFO = NO;
				SDKROOT = iphoneos;
				VALIDATE_PRODUCT = YES;
			};
			name = Release;
		};
		A68C60001BEF62EA0007EEF7 /* Debug */ = {
			isa = XCBuildConfiguration;
			buildSettings = {
				ASSETCATALOG_COMPILER_APPICON_NAME = AppIcon;
				INFOPLIST_FILE = RoyalMilkTea/Info.plist;
				IPHONEOS_DEPLOYMENT_TARGET = 9.1;
				LD_RUNPATH_SEARCH_PATHS = "$(inherited) @executable_path/Frameworks";
				PRODUCT_BUNDLE_IDENTIFIER = jp.tanakashuji.RoyalMilkTea;
				PRODUCT_NAME = "$(TARGET_NAME)";
			};
			name = Debug;
		};
		A68C60011BEF62EA0007EEF7 /* Release */ = {
			isa = XCBuildConfiguration;
			buildSettings = {
				ASSETCATALOG_COMPILER_APPICON_NAME = AppIcon;
				INFOPLIST_FILE = RoyalMilkTea/Info.plist;
				IPHONEOS_DEPLOYMENT_TARGET = 9.1;
				LD_RUNPATH_SEARCH_PATHS = "$(inherited) @executable_path/Frameworks";
				PRODUCT_BUNDLE_IDENTIFIER = jp.tanakashuji.RoyalMilkTea;
				PRODUCT_NAME = "$(TARGET_NAME)";
			};
			name = Release;
		};
/* End XCBuildConfiguration section */

/* Begin XCConfigurationList section */
		A68C5FE81BEF62EA0007EEF7 /* Build configuration list for PBXProject "RoyalMilkTea" */ = {
			isa = XCConfigurationList;
			buildConfigurations = (
				A68C5FFD1BEF62EA0007EEF7 /* Debug */,
				A68C5FFE1BEF62EA0007EEF7 /* Release */,
			);
			defaultConfigurationIsVisible = 0;
			defaultConfigurationName = Release;
		};
		A68C5FFF1BEF62EA0007EEF7 /* Build configuration list for PBXNativeTarget "RoyalMilkTea" */ = {
			isa = XCConfigurationList;
			buildConfigurations = (
				A68C60001BEF62EA0007EEF7 /* Debug */,
				A68C60011BEF62EA0007EEF7 /* Release */,
			);
			defaultConfigurationIsVisible = 0;
			defaultConfigurationName = Release;
		};
/* End XCConfigurationList section */
	};
	rootObject = A68C5FE51BEF62EA0007EEF7 /* Project object */;
}
